
Microsoft Visual Studio Solution File, Format Version 12.00
# Visual Studio Version 16
VisualStudioVersion = 16.0.31025.194
MinimumVisualStudioVersion = 10.0.40219.1
Project("{9A19103F-16F7-4668-BE54-9A1E7A4F7556}") = "UserMobileFormat", "UserMobileFormat\UserMobileFormat.csproj", "{644D3E16-8F30-4692-A695-764E64F34A24}"
EndProject
Project("{FAE04EC0-301F-11D3-BF4B-00C04F79EFBC}") = "TestMobileFormat", "TestMobileFormat\TestMobileFormat.csproj", "{CC272450-0A22-4097-BC0B-F90E4E956858}"
EndProject
Global
	GlobalSection(SolutionConfigurationPlatforms) = preSolution
		Debug|Any CPU = Debug|Any CPU
		Release|Any CPU = Release|Any CPU
	EndGlobalSection
	GlobalSection(ProjectConfigurationPlatforms) = postSolution
		{644D3E16-8F30-4692-A695-764E64F34A24}.Debug|Any CPU.ActiveCfg = Debug|Any CPU
		{644D3E16-8F30-4692-A695-764E64F34A24}.Debug|Any CPU.Build.0 = Debug|Any CPU
		{644D3E16-8F30-4692-A695-764E64F34A24}.Release|Any CPU.ActiveCfg = Release|Any CPU
		{644D3E16-8F30-4692-A695-764E64F34A24}.Release|Any CPU.Build.0 = Release|Any CPU
		{CC272450-0A22-4097-BC0B-F90E4E956858}.Debug|Any CPU.ActiveCfg = Debug|Any CPU
		{CC272450-0A22-4097-BC0B-F90E4E956858}.Debug|Any CPU.Build.0 = Debug|Any CPU
		{CC272450-0A22-4097-BC0B-F90E4E956858}.Release|Any CPU.ActiveCfg = Release|Any CPU
		{CC272450-0A22-4097-BC0B-F90E4E956858}.Release|Any CPU.Build.0 = Release|Any CPU
	EndGlobalSection
	GlobalSection(SolutionProperties) = preSolution
		HideSolutionNode = FALSE
	EndGlobalSection
	GlobalSection(ExtensibilityGlobals) = postSolution
		SolutionGuid = {C1F38D00-095E-4592-A08C-51D646204494}
	EndGlobalSection
EndGlobal
