
Microsoft Visual Studio Solution File, Format Version 12.00
# Visual Studio Version 16
VisualStudioVersion = 16.0.31025.194
MinimumVisualStudioVersion = 10.0.40219.1
Project("{FAE04EC0-301F-11D3-BF4B-00C04F79EFBC}") = "ValidFirstNameUsingTestcase", "ValidFirstNameUsingTestcase\ValidFirstNameUsingTestcase.csproj", "{A12A9FE4-9482-4202-845F-E47202E7A00B}"
EndProject
Project("{FAE04EC0-301F-11D3-BF4B-00C04F79EFBC}") = "TestProject1", "TestProject1\TestProject1.csproj", "{66936795-2EF3-4F83-BD59-35CA6D57602B}"
EndProject
Global
	GlobalSection(SolutionConfigurationPlatforms) = preSolution
		Debug|Any CPU = Debug|Any CPU
		Release|Any CPU = Release|Any CPU
	EndGlobalSection
	GlobalSection(ProjectConfigurationPlatforms) = postSolution
		{A12A9FE4-9482-4202-845F-E47202E7A00B}.Debug|Any CPU.ActiveCfg = Debug|Any CPU
		{A12A9FE4-9482-4202-845F-E47202E7A00B}.Debug|Any CPU.Build.0 = Debug|Any CPU
		{A12A9FE4-9482-4202-845F-E47202E7A00B}.Release|Any CPU.ActiveCfg = Release|Any CPU
		{A12A9FE4-9482-4202-845F-E47202E7A00B}.Release|Any CPU.Build.0 = Release|Any CPU
		{66936795-2EF3-4F83-BD59-35CA6D57602B}.Debug|Any CPU.ActiveCfg = Debug|Any CPU
		{66936795-2EF3-4F83-BD59-35CA6D57602B}.Debug|Any CPU.Build.0 = Debug|Any CPU
		{66936795-2EF3-4F83-BD59-35CA6D57602B}.Release|Any CPU.ActiveCfg = Release|Any CPU
		{66936795-2EF3-4F83-BD59-35CA6D57602B}.Release|Any CPU.Build.0 = Release|Any CPU
	EndGlobalSection
	GlobalSection(SolutionProperties) = preSolution
		HideSolutionNode = FALSE
	EndGlobalSection
	GlobalSection(ExtensibilityGlobals) = postSolution
		SolutionGuid = {401FCD33-C50A-4DA5-8ED3-28EC1034A5BD}
	EndGlobalSection
EndGlobal
