
Microsoft Visual Studio Solution File, Format Version 12.00
# Visual Studio Version 16
VisualStudioVersion = 16.0.31025.194
MinimumVisualStudioVersion = 10.0.40219.1
Project("{FAE04EC0-301F-11D3-BF4B-00C04F79EFBC}") = "ValidEmail", "ValidEmail\ValidEmail.csproj", "{5F52E6A3-318A-4D88-8299-65D72D95D830}"
EndProject
Global
	GlobalSection(SolutionConfigurationPlatforms) = preSolution
		Debug|Any CPU = Debug|Any CPU
		Release|Any CPU = Release|Any CPU
	EndGlobalSection
	GlobalSection(ProjectConfigurationPlatforms) = postSolution
		{5F52E6A3-318A-4D88-8299-65D72D95D830}.Debug|Any CPU.ActiveCfg = Debug|Any CPU
		{5F52E6A3-318A-4D88-8299-65D72D95D830}.Debug|Any CPU.Build.0 = Debug|Any CPU
		{5F52E6A3-318A-4D88-8299-65D72D95D830}.Release|Any CPU.ActiveCfg = Release|Any CPU
		{5F52E6A3-318A-4D88-8299-65D72D95D830}.Release|Any CPU.Build.0 = Release|Any CPU
	EndGlobalSection
	GlobalSection(SolutionProperties) = preSolution
		HideSolutionNode = FALSE
	EndGlobalSection
	GlobalSection(ExtensibilityGlobals) = postSolution
		SolutionGuid = {49C7664D-B014-4EC7-80B5-21ABFB1C9EA0}
	EndGlobalSection
EndGlobal
